
Microsoft Visual Studio Solution File, Format Version 12.00
# Visual Studio 14
VisualStudioVersion = 14.0.24720.0
MinimumVisualStudioVersion = 10.0.40219.1
Project("{FAE04EC0-301F-11D3-BF4B-00C04F79EFBC}") = "Unicellular.DataAccess", "Unicellular.DataAccess\Unicellular.DataAccess.csproj", "{E0F7CA7C-9D62-439A-B998-B7D59B3173B5}"
EndProject
Project("{FAE04EC0-301F-11D3-BF4B-00C04F79EFBC}") = "Unicellular.Test", "Unicellular.Test\Unicellular.Test.csproj", "{25E9103E-D9B9-4156-9587-CB42C197D4EA}"
EndProject
Project("{FAE04EC0-301F-11D3-BF4B-00C04F79EFBC}") = "Unicellular.ORM", "Unicellular.ORM\Unicellular.ORM.csproj", "{B34C9855-44D9-43B6-B69F-E068C8E390B3}"
EndProject
Project("{2150E333-8FDC-42A3-9474-1A3956D46DE8}") = "Unicellular.Framework", "Unicellular.Framework", "{65ED757F-AB90-4012-8419-AE02F329358B}"
EndProject
Project("{FAE04EC0-301F-11D3-BF4B-00C04F79EFBC}") = "XLToolLibrary", "..\XLToolLibrary\XLToolLibrary\XLToolLibrary\XLToolLibrary.csproj", "{AA0865DE-B6D0-4FC6-AF67-9FA4E968ACAD}"
EndProject
Project("{2150E333-8FDC-42A3-9474-1A3956D46DE8}") = "Unicellular.Web", "Unicellular.Web", "{C56556D3-502D-478D-BFA2-9C7CC4FEEA12}"
EndProject
Project("{FAE04EC0-301F-11D3-BF4B-00C04F79EFBC}") = "Unicellular.Web.DAO", "Unicellular.Web.DAO\Unicellular.Web.DAO.csproj", "{D57397D1-159E-43A2-9CBE-20906563BC8C}"
EndProject
Project("{FAE04EC0-301F-11D3-BF4B-00C04F79EFBC}") = "Unicellular.Web.BLL", "Unicellular.Web.BLL\Unicellular.Web.BLL.csproj", "{3776DBD0-8168-42B7-A584-4E27E0908B63}"
EndProject
Project("{FAE04EC0-301F-11D3-BF4B-00C04F79EFBC}") = "Unicellular.Web.Entity", "Unicellular.Web.Entity\Unicellular.Web.Entity.csproj", "{727159BE-9B40-4EAD-B373-E7126BB040F2}"
EndProject
Project("{FAE04EC0-301F-11D3-BF4B-00C04F79EFBC}") = "Unicellular.Web.UI", "Unicellular.Web.UI\Unicellular.Web.UI.csproj", "{83D54F62-7991-4361-BBD6-093408E0E510}"
EndProject
Global
	GlobalSection(SolutionConfigurationPlatforms) = preSolution
		Debug|Any CPU = Debug|Any CPU
		Debug|x64 = Debug|x64
		Release|Any CPU = Release|Any CPU
		Release|x64 = Release|x64
	EndGlobalSection
	GlobalSection(ProjectConfigurationPlatforms) = postSolution
		{E0F7CA7C-9D62-439A-B998-B7D59B3173B5}.Debug|Any CPU.ActiveCfg = Debug|Any CPU
		{E0F7CA7C-9D62-439A-B998-B7D59B3173B5}.Debug|Any CPU.Build.0 = Debug|Any CPU
		{E0F7CA7C-9D62-439A-B998-B7D59B3173B5}.Debug|x64.ActiveCfg = Debug|x64
		{E0F7CA7C-9D62-439A-B998-B7D59B3173B5}.Debug|x64.Build.0 = Debug|x64
		{E0F7CA7C-9D62-439A-B998-B7D59B3173B5}.Release|Any CPU.ActiveCfg = Release|Any CPU
		{E0F7CA7C-9D62-439A-B998-B7D59B3173B5}.Release|Any CPU.Build.0 = Release|Any CPU
		{E0F7CA7C-9D62-439A-B998-B7D59B3173B5}.Release|x64.ActiveCfg = Release|x64
		{E0F7CA7C-9D62-439A-B998-B7D59B3173B5}.Release|x64.Build.0 = Release|x64
		{25E9103E-D9B9-4156-9587-CB42C197D4EA}.Debug|Any CPU.ActiveCfg = Debug|Any CPU
		{25E9103E-D9B9-4156-9587-CB42C197D4EA}.Debug|Any CPU.Build.0 = Debug|Any CPU
		{25E9103E-D9B9-4156-9587-CB42C197D4EA}.Debug|x64.ActiveCfg = Debug|x64
		{25E9103E-D9B9-4156-9587-CB42C197D4EA}.Debug|x64.Build.0 = Debug|x64
		{25E9103E-D9B9-4156-9587-CB42C197D4EA}.Release|Any CPU.ActiveCfg = Release|Any CPU
		{25E9103E-D9B9-4156-9587-CB42C197D4EA}.Release|Any CPU.Build.0 = Release|Any CPU
		{25E9103E-D9B9-4156-9587-CB42C197D4EA}.Release|x64.ActiveCfg = Release|x64
		{25E9103E-D9B9-4156-9587-CB42C197D4EA}.Release|x64.Build.0 = Release|x64
		{B34C9855-44D9-43B6-B69F-E068C8E390B3}.Debug|Any CPU.ActiveCfg = Debug|Any CPU
		{B34C9855-44D9-43B6-B69F-E068C8E390B3}.Debug|Any CPU.Build.0 = Debug|Any CPU
		{B34C9855-44D9-43B6-B69F-E068C8E390B3}.Debug|x64.ActiveCfg = Debug|x64
		{B34C9855-44D9-43B6-B69F-E068C8E390B3}.Debug|x64.Build.0 = Debug|x64
		{B34C9855-44D9-43B6-B69F-E068C8E390B3}.Release|Any CPU.ActiveCfg = Release|Any CPU
		{B34C9855-44D9-43B6-B69F-E068C8E390B3}.Release|Any CPU.Build.0 = Release|Any CPU
		{B34C9855-44D9-43B6-B69F-E068C8E390B3}.Release|x64.ActiveCfg = Release|x64
		{B34C9855-44D9-43B6-B69F-E068C8E390B3}.Release|x64.Build.0 = Release|x64
		{AA0865DE-B6D0-4FC6-AF67-9FA4E968ACAD}.Debug|Any CPU.ActiveCfg = Debug|Any CPU
		{AA0865DE-B6D0-4FC6-AF67-9FA4E968ACAD}.Debug|Any CPU.Build.0 = Debug|Any CPU
		{AA0865DE-B6D0-4FC6-AF67-9FA4E968ACAD}.Debug|x64.ActiveCfg = Debug|x64
		{AA0865DE-B6D0-4FC6-AF67-9FA4E968ACAD}.Debug|x64.Build.0 = Debug|x64
		{AA0865DE-B6D0-4FC6-AF67-9FA4E968ACAD}.Release|Any CPU.ActiveCfg = Release|Any CPU
		{AA0865DE-B6D0-4FC6-AF67-9FA4E968ACAD}.Release|Any CPU.Build.0 = Release|Any CPU
		{AA0865DE-B6D0-4FC6-AF67-9FA4E968ACAD}.Release|x64.ActiveCfg = Release|x64
		{AA0865DE-B6D0-4FC6-AF67-9FA4E968ACAD}.Release|x64.Build.0 = Release|x64
		{D57397D1-159E-43A2-9CBE-20906563BC8C}.Debug|Any CPU.ActiveCfg = Debug|Any CPU
		{D57397D1-159E-43A2-9CBE-20906563BC8C}.Debug|Any CPU.Build.0 = Debug|Any CPU
		{D57397D1-159E-43A2-9CBE-20906563BC8C}.Debug|x64.ActiveCfg = Debug|Any CPU
		{D57397D1-159E-43A2-9CBE-20906563BC8C}.Debug|x64.Build.0 = Debug|Any CPU
		{D57397D1-159E-43A2-9CBE-20906563BC8C}.Release|Any CPU.ActiveCfg = Release|Any CPU
		{D57397D1-159E-43A2-9CBE-20906563BC8C}.Release|Any CPU.Build.0 = Release|Any CPU
		{D57397D1-159E-43A2-9CBE-20906563BC8C}.Release|x64.ActiveCfg = Release|Any CPU
		{D57397D1-159E-43A2-9CBE-20906563BC8C}.Release|x64.Build.0 = Release|Any CPU
		{3776DBD0-8168-42B7-A584-4E27E0908B63}.Debug|Any CPU.ActiveCfg = Debug|Any CPU
		{3776DBD0-8168-42B7-A584-4E27E0908B63}.Debug|Any CPU.Build.0 = Debug|Any CPU
		{3776DBD0-8168-42B7-A584-4E27E0908B63}.Debug|x64.ActiveCfg = Debug|Any CPU
		{3776DBD0-8168-42B7-A584-4E27E0908B63}.Debug|x64.Build.0 = Debug|Any CPU
		{3776DBD0-8168-42B7-A584-4E27E0908B63}.Release|Any CPU.ActiveCfg = Release|Any CPU
		{3776DBD0-8168-42B7-A584-4E27E0908B63}.Release|Any CPU.Build.0 = Release|Any CPU
		{3776DBD0-8168-42B7-A584-4E27E0908B63}.Release|x64.ActiveCfg = Release|Any CPU
		{3776DBD0-8168-42B7-A584-4E27E0908B63}.Release|x64.Build.0 = Release|Any CPU
		{727159BE-9B40-4EAD-B373-E7126BB040F2}.Debug|Any CPU.ActiveCfg = Debug|Any CPU
		{727159BE-9B40-4EAD-B373-E7126BB040F2}.Debug|Any CPU.Build.0 = Debug|Any CPU
		{727159BE-9B40-4EAD-B373-E7126BB040F2}.Debug|x64.ActiveCfg = Debug|Any CPU
		{727159BE-9B40-4EAD-B373-E7126BB040F2}.Debug|x64.Build.0 = Debug|Any CPU
		{727159BE-9B40-4EAD-B373-E7126BB040F2}.Release|Any CPU.ActiveCfg = Release|Any CPU
		{727159BE-9B40-4EAD-B373-E7126BB040F2}.Release|Any CPU.Build.0 = Release|Any CPU
		{727159BE-9B40-4EAD-B373-E7126BB040F2}.Release|x64.ActiveCfg = Release|Any CPU
		{727159BE-9B40-4EAD-B373-E7126BB040F2}.Release|x64.Build.0 = Release|Any CPU
		{83D54F62-7991-4361-BBD6-093408E0E510}.Debug|Any CPU.ActiveCfg = Debug|Any CPU
		{83D54F62-7991-4361-BBD6-093408E0E510}.Debug|Any CPU.Build.0 = Debug|Any CPU
		{83D54F62-7991-4361-BBD6-093408E0E510}.Debug|x64.ActiveCfg = Debug|Any CPU
		{83D54F62-7991-4361-BBD6-093408E0E510}.Debug|x64.Build.0 = Debug|Any CPU
		{83D54F62-7991-4361-BBD6-093408E0E510}.Release|Any CPU.ActiveCfg = Release|Any CPU
		{83D54F62-7991-4361-BBD6-093408E0E510}.Release|Any CPU.Build.0 = Release|Any CPU
		{83D54F62-7991-4361-BBD6-093408E0E510}.Release|x64.ActiveCfg = Release|Any CPU
		{83D54F62-7991-4361-BBD6-093408E0E510}.Release|x64.Build.0 = Release|Any CPU
	EndGlobalSection
	GlobalSection(SolutionProperties) = preSolution
		HideSolutionNode = FALSE
	EndGlobalSection
	GlobalSection(NestedProjects) = preSolution
		{E0F7CA7C-9D62-439A-B998-B7D59B3173B5} = {65ED757F-AB90-4012-8419-AE02F329358B}
		{B34C9855-44D9-43B6-B69F-E068C8E390B3} = {65ED757F-AB90-4012-8419-AE02F329358B}
		{AA0865DE-B6D0-4FC6-AF67-9FA4E968ACAD} = {65ED757F-AB90-4012-8419-AE02F329358B}
		{D57397D1-159E-43A2-9CBE-20906563BC8C} = {C56556D3-502D-478D-BFA2-9C7CC4FEEA12}
		{3776DBD0-8168-42B7-A584-4E27E0908B63} = {C56556D3-502D-478D-BFA2-9C7CC4FEEA12}
		{727159BE-9B40-4EAD-B373-E7126BB040F2} = {C56556D3-502D-478D-BFA2-9C7CC4FEEA12}
		{83D54F62-7991-4361-BBD6-093408E0E510} = {C56556D3-502D-478D-BFA2-9C7CC4FEEA12}
	EndGlobalSection
EndGlobal
